# This file is automatically @generated by Cargo.
# It is not intended for manual editing.
version = 4

[[package]]
name = "cliutils"
version = "0.1.8"
source = "registry+https://github.com/rust-lang/crates.io-index"
checksum = "8eb3d8ddb95f16ca57389bc16bbf6edac20d7c26fe94fd5beebc9437fe0d6d10"

[[package]]
name = "hashmaps"
version = "0.1.0"
dependencies = [
 "cliutils",
]
