# This file is automatically @generated by Cargo.
# It is not intended for manual editing.
version = 4

[[package]]
name = "cliutils"
version = "0.2.4"
source = "registry+https://github.com/rust-lang/crates.io-index"
checksum = "b8b6ed934f651da55e3edf4831ebfce51ac95e9070d8f0a6bc846273da687239"

[[package]]
name = "enum_struct"
version = "0.1.0"
dependencies = [
 "cliutils",
]
